
Microsoft Visual Studio Solution File, Format Version 12.00
# Visual Studio Version 16
VisualStudioVersion = 16.0.31729.503
MinimumVisualStudioVersion = 10.0.40219.1
Project("{FAE04EC0-301F-11D3-BF4B-00C04F79EFBC}") = "WpfApp9", "WpfApp9\WpfApp9.csproj", "{F4035824-2CE7-4D99-ABEF-7786E3AEBAD4}"
EndProject
Global
	GlobalSection(SolutionConfigurationPlatforms) = preSolution
		Debug|Any CPU = Debug|Any CPU
		Release|Any CPU = Release|Any CPU
	EndGlobalSection
	GlobalSection(ProjectConfigurationPlatforms) = postSolution
		{F4035824-2CE7-4D99-ABEF-7786E3AEBAD4}.Debug|Any CPU.ActiveCfg = Debug|Any CPU
		{F4035824-2CE7-4D99-ABEF-7786E3AEBAD4}.Debug|Any CPU.Build.0 = Debug|Any CPU
		{F4035824-2CE7-4D99-ABEF-7786E3AEBAD4}.Release|Any CPU.ActiveCfg = Release|Any CPU
		{F4035824-2CE7-4D99-ABEF-7786E3AEBAD4}.Release|Any CPU.Build.0 = Release|Any CPU
	EndGlobalSection
	GlobalSection(SolutionProperties) = preSolution
		HideSolutionNode = FALSE
	EndGlobalSection
	GlobalSection(ExtensibilityGlobals) = postSolution
		SolutionGuid = {AEF54E17-69F5-41C2-AA4A-8F08DCA9E15A}
	EndGlobalSection
EndGlobal
